
Microsoft Visual Studio Solution File, Format Version 12.00
# Visual Studio 15
VisualStudioVersion = 15.0.27004.2006
MinimumVisualStudioVersion = 10.0.40219.1
Project("{8BC9CEB8-8B4A-11D0-8D11-00A0C91BC942}") = "ThisisC++", "ThisisC++\ThisisC++.vcxproj", "{1B093C00-ED47-4CA3-B192-16F74FDBE109}"
EndProject
Global
	GlobalSection(SolutionConfigurationPlatforms) = preSolution
		Debug|x64 = Debug|x64
		Debug|x86 = Debug|x86
		Release|x64 = Release|x64
		Release|x86 = Release|x86
	EndGlobalSection
	GlobalSection(ProjectConfigurationPlatforms) = postSolution
		{1B093C00-ED47-4CA3-B192-16F74FDBE109}.Debug|x64.ActiveCfg = Debug|x64
		{1B093C00-ED47-4CA3-B192-16F74FDBE109}.Debug|x64.Build.0 = Debug|x64
		{1B093C00-ED47-4CA3-B192-16F74FDBE109}.Debug|x86.ActiveCfg = Debug|Win32
		{1B093C00-ED47-4CA3-B192-16F74FDBE109}.Debug|x86.Build.0 = Debug|Win32
		{1B093C00-ED47-4CA3-B192-16F74FDBE109}.Release|x64.ActiveCfg = Release|x64
		{1B093C00-ED47-4CA3-B192-16F74FDBE109}.Release|x64.Build.0 = Release|x64
		{1B093C00-ED47-4CA3-B192-16F74FDBE109}.Release|x86.ActiveCfg = Release|Win32
		{1B093C00-ED47-4CA3-B192-16F74FDBE109}.Release|x86.Build.0 = Release|Win32
	EndGlobalSection
	GlobalSection(SolutionProperties) = preSolution
		HideSolutionNode = FALSE
	EndGlobalSection
	GlobalSection(ExtensibilityGlobals) = postSolution
		SolutionGuid = {C26D4468-AE0C-4D5C-901E-3AC181DD4293}
	EndGlobalSection
EndGlobal
